
Microsoft Visual Studio Solution File, Format Version 12.00
# Visual Studio Version 17
VisualStudioVersion = 17.9.34728.123
MinimumVisualStudioVersion = 10.0.40219.1
Project("{FAE04EC0-301F-11D3-BF4B-00C04F79EFBC}") = "Autoszerelo", "Autoszerelo\Autoszerelo.csproj", "{053C60B0-61FD-4DD3-AD6D-50F9422A1430}"
EndProject
Global
	GlobalSection(SolutionConfigurationPlatforms) = preSolution
		Debug|Any CPU = Debug|Any CPU
		Release|Any CPU = Release|Any CPU
	EndGlobalSection
	GlobalSection(ProjectConfigurationPlatforms) = postSolution
		{053C60B0-61FD-4DD3-AD6D-50F9422A1430}.Debug|Any CPU.ActiveCfg = Debug|Any CPU
		{053C60B0-61FD-4DD3-AD6D-50F9422A1430}.Debug|Any CPU.Build.0 = Debug|Any CPU
		{053C60B0-61FD-4DD3-AD6D-50F9422A1430}.Release|Any CPU.ActiveCfg = Release|Any CPU
		{053C60B0-61FD-4DD3-AD6D-50F9422A1430}.Release|Any CPU.Build.0 = Release|Any CPU
	EndGlobalSection
	GlobalSection(SolutionProperties) = preSolution
		HideSolutionNode = FALSE
	EndGlobalSection
	GlobalSection(ExtensibilityGlobals) = postSolution
		SolutionGuid = {FFA74205-D971-4601-9312-64F6F39F4089}
	EndGlobalSection
EndGlobal
